// !$*UTF8*$!
{
	archiveVersion = 1;
	classes = {
	};
	objectVersion = 48;
	objects = {

/* Begin PBXBuildFile section */
		3B11E4B4205B97A30021B104 /* main.m in Sources */ = {isa = PBXBuildFile; fileRef = 3B11E4B3205B97A30021B104 /* main.m */; };
		3B11E4BC205B97DD0021B104 /* Person.m in Sources */ = {isa = PBXBuildFile; fileRef = 3B11E4BB205B97DD0021B104 /* Person.m */; };
		3B11E4BF205B97F20021B104 /* NewsCompany.m in Sources */ = {isa = PBXBuildFile; fileRef = 3B11E4BE205B97F20021B104 /* NewsCompany.m */; };
		3B11E4C1205B989F0021B104 /* BNFoundation Log.m in Sources */ = {isa = PBXBuildFile; fileRef = 3B11E4C0205B989F0021B104 /* BNFoundation Log.m */; };
/* End PBXBuildFile section */

/* Begin PBXCopyFilesBuildPhase section */
		3B11E4AE205B97A30021B104 /* CopyFiles */ = {
			isa = PBXCopyFilesBuildPhase;
			buildActionMask = 2147483647;
			dstPath = /usr/share/man/man1/;
			dstSubfolderSpec = 0;
			files = (
			);
			runOnlyForDeploymentPostprocessing = 1;
		};
/* End PBXCopyFilesBuildPhase section */

/* Begin PBXFileReference section */
		3B11E4B0205B97A30021B104 /* testNotification */ = {isa = PBXFileReference; explicitFileType = "compiled.mach-o.executable"; includeInIndex = 0; path = testNotification; sourceTree = BUILT_PRODUCTS_DIR; };
		3B11E4B3205B97A30021B104 /* main.m */ = {isa = PBXFileReference; lastKnownFileType = sourcecode.c.objc; path = main.m; sourceTree = "<group>"; };
		3B11E4BA205B97DD0021B104 /* Person.h */ = {isa = PBXFileReference; lastKnownFileType = sourcecode.c.h; path = Person.h; sourceTree = "<group>"; };
		3B11E4BB205B97DD0021B104 /* Person.m */ = {isa = PBXFileReference; lastKnownFileType = sourcecode.c.objc; path = Person.m; sourceTree = "<group>"; };
		3B11E4BD205B97F20021B104 /* NewsCompany.h */ = {isa = PBXFileReference; lastKnownFileType = sourcecode.c.h; path = NewsCompany.h; sourceTree = "<group>"; };
		3B11E4BE205B97F20021B104 /* NewsCompany.m */ = {isa = PBXFileReference; lastKnownFileType = sourcecode.c.objc; path = NewsCompany.m; sourceTree = "<group>"; };
		3B11E4C0205B989F0021B104 /* BNFoundation Log.m */ = {isa = PBXFileReference; fileEncoding = 4; lastKnownFileType = sourcecode.c.objc; path = "BNFoundation Log.m"; sourceTree = "<group>"; };
/* End PBXFileReference section */

/* Begin PBXFrameworksBuildPhase section */
		3B11E4AD205B97A30021B104 /* Frameworks */ = {
			isa = PBXFrameworksBuildPhase;
			buildActionMask = 2147483647;
			files = (
			);
			runOnlyForDeploymentPostprocessing = 0;
		};
/* End PBXFrameworksBuildPhase section */

/* Begin PBXGroup section */
		3B11E4A7205B97A30021B104 = {
			isa = PBXGroup;
			children = (
				3B11E4B2205B97A30021B104 /* testNotification */,
				3B11E4B1205B97A30021B104 /* Products */,
			);
			sourceTree = "<group>";
		};
		3B11E4B1205B97A30021B104 /* Products */ = {
			isa = PBXGroup;
			children = (
				3B11E4B0205B97A30021B104 /* testNotification */,
			);
			name = Products;
			sourceTree = "<group>";
		};
		3B11E4B2205B97A30021B104 /* testNotification */ = {
			isa = PBXGroup;
			children = (
				3B11E4B3205B97A30021B104 /* main.m */,
				3B11E4BA205B97DD0021B104 /* Person.h */,
				3B11E4BB205B97DD0021B104 /* Person.m */,
				3B11E4BD205B97F20021B104 /* NewsCompany.h */,
				3B11E4BE205B97F20021B104 /* NewsCompany.m */,
				3B11E4C0205B989F0021B104 /* BNFoundation Log.m */,
			);
			path = testNotification;
			sourceTree = "<group>";
		};
/* End PBXGroup section */

/* Begin PBXNativeTarget section */
		3B11E4AF205B97A30021B104 /* testNotification */ = {
			isa = PBXNativeTarget;
			buildConfigurationList = 3B11E4B7205B97A30021B104 /* Build configuration list for PBXNativeTarget "testNotification" */;
			buildPhases = (
				3B11E4AC205B97A30021B104 /* Sources */,
				3B11E4AD205B97A30021B104 /* Frameworks */,
				3B11E4AE205B97A30021B104 /* CopyFiles */,
			);
			buildRules = (
			);
			dependencies = (
			);
			name = testNotification;
			productName = testNotification;
			productReference = 3B11E4B0205B97A30021B104 /* testNotification */;
			productType = "com.apple.product-type.tool";
		};
/* End PBXNativeTarget section */

/* Begin PBXProject section */
		3B11E4A8205B97A30021B104 /* Project object */ = {
			isa = PBXProject;
			attributes = {
				LastUpgradeCheck = 0920;
				ORGANIZATIONNAME = MGBook;
				TargetAttributes = {
					3B11E4AF205B97A30021B104 = {
						CreatedOnToolsVersion = 9.2;
						ProvisioningStyle = Automatic;
					};
				};
			};
			buildConfigurationList = 3B11E4AB205B97A30021B104 /* Build configuration list for PBXProject "testNotification" */;
			compatibilityVersion = "Xcode 8.0";
			developmentRegion = en;
			hasScannedForEncodings = 0;
			knownRegions = (
				en,
			);
			mainGroup = 3B11E4A7205B97A30021B104;
			productRefGroup = 3B11E4B1205B97A30021B104 /* Products */;
			projectDirPath = "";
			projectRoot = "";
			targets = (
				3B11E4AF205B97A30021B104 /* testNotification */,
			);
		};
/* End PBXProject section */

/* Begin PBXSourcesBuildPhase section */
		3B11E4AC205B97A30021B104 /* Sources */ = {
			isa = PBXSourcesBuildPhase;
			buildActionMask = 2147483647;
			files = (
				3B11E4BF205B97F20021B104 /* NewsCompany.m in Sources */,
				3B11E4BC205B97DD0021B104 /* Person.m in Sources */,
				3B11E4C1205B989F0021B104 /* BNFoundation Log.m in Sources */,
				3B11E4B4205B97A30021B104 /* main.m in Sources */,
			);
			runOnlyForDeploymentPostprocessing = 0;
		};
/* End PBXSourcesBuildPhase section */

/* Begin XCBuildConfiguration section */
		3B11E4B5205B97A30021B104 /* Debug */ = {
			isa = XCBuildConfiguration;
			buildSettings = {
				ALWAYS_SEARCH_USER_PATHS = NO;
				CLANG_ANALYZER_NONNULL = YES;
				CLANG_ANALYZER_NUMBER_OBJECT_CONVERSION = YES_AGGRESSIVE;
				CLANG_CXX_LANGUAGE_STANDARD = "gnu++14";
				CLANG_CXX_LIBRARY = "libc++";
				CLANG_ENABLE_MODULES = YES;
				CLANG_ENABLE_OBJC_ARC = YES;
				CLANG_WARN_BLOCK_CAPTURE_AUTORELEASING = YES;
				CLANG_WARN_BOOL_CONVERSION = YES;
				CLANG_WARN_COMMA = YES;
				CLANG_WARN_CONSTANT_CONVERSION = YES;
				CLANG_WARN_DIRECT_OBJC_ISA_USAGE = YES_ERROR;
				CLANG_WARN_DOCUMENTATION_COMMENTS = YES;
				CLANG_WARN_EMPTY_BODY = YES;
				CLANG_WARN_ENUM_CONVERSION = YES;
				CLANG_WARN_INFINITE_RECURSION = YES;
				CLANG_WARN_INT_CONVERSION = YES;
				CLANG_WARN_NON_LITERAL_NULL_CONVERSION = YES;
				CLANG_WARN_OBJC_LITERAL_CONVERSION = YES;
				CLANG_WARN_OBJC_ROOT_CLASS = YES_ERROR;
				CLANG_WARN_RANGE_LOOP_ANALYSIS = YES;
				CLANG_WARN_STRICT_PROTOTYPES = YES;
				CLANG_WARN_SUSPICIOUS_MOVE = YES;
				CLANG_WARN_UNGUARDED_AVAILABILITY = YES_AGGRESSIVE;
				CLANG_WARN_UNREACHABLE_CODE = YES;
				CLANG_WARN__DUPLICATE_METHOD_MATCH = YES;
				CODE_SIGN_IDENTITY = "-";
				COPY_PHASE_STRIP = NO;
				DEBUG_INFORMATION_FORMAT = dwarf;
				ENABLE_STRICT_OBJC_MSGSEND = YES;
				ENABLE_TESTABILITY = YES;
				GCC_C_LANGUAGE_STANDARD = gnu11;
				GCC_DYNAMIC_NO_PIC = NO;
				GCC_NO_COMMON_BLOCKS = YES;
				GCC_OPTIMIZATION_LEVEL = 0;
				GCC_PREPROCESSOR_DEFINITIONS = (
					"DEBUG=1",
					"$(inherited)",
				);
				GCC_WARN_64_TO_32_BIT_CONVERSION = YES;
				GCC_WARN_ABOUT_RETURN_TYPE = YES_ERROR;
				GCC_WARN_UNDECLARED_SELECTOR = YES;
				GCC_WARN_UNINITIALIZED_AUTOS = YES_AGGRESSIVE;
				GCC_WARN_UNUSED_FUNCTION = YES;
				GCC_WARN_UNUSED_VARIABLE = YES;
				MACOSX_DEPLOYMENT_TARGET = 10.13;
				MTL_ENABLE_DEBUG_INFO = YES;
				ONLY_ACTIVE_ARCH = YES;
				SDKROOT = macosx;
			};
			name = Debug;
		};
		3B11E4B6205B97A30021B104 /* Release */ = {
			isa = XCBuildConfiguration;
			buildSettings = {
				ALWAYS_SEARCH_USER_PATHS = NO;
				CLANG_ANALYZER_NONNULL = YES;
				CLANG_ANALYZER_NUMBER_OBJECT_CONVERSION = YES_AGGRESSIVE;
				CLANG_CXX_LANGUAGE_STANDARD = "gnu++14";
				CLANG_CXX_LIBRARY = "libc++";
				CLANG_ENABLE_MODULES = YES;
				CLANG_ENABLE_OBJC_ARC = YES;
				CLANG_WARN_BLOCK_CAPTURE_AUTORELEASING = YES;
				CLANG_WARN_BOOL_CONVERSION = YES;
				CLANG_WARN_COMMA = YES;
				CLANG_WARN_CONSTANT_CONVERSION = YES;
				CLANG_WARN_DIRECT_OBJC_ISA_USAGE = YES_ERROR;
				CLANG_WARN_DOCUMENTATION_COMMENTS = YES;
				CLANG_WARN_EMPTY_BODY = YES;
				CLANG_WARN_ENUM_CONVERSION = YES;
				CLANG_WARN_INFINITE_RECURSION = YES;
				CLANG_WARN_INT_CONVERSION = YES;
				CLANG_WARN_NON_LITERAL_NULL_CONVERSION = YES;
				CLANG_WARN_OBJC_LITERAL_CONVERSION = YES;
				CLANG_WARN_OBJC_ROOT_CLASS = YES_ERROR;
				CLANG_WARN_RANGE_LOOP_ANALYSIS = YES;
				CLANG_WARN_STRICT_PROTOTYPES = YES;
				CLANG_WARN_SUSPICIOUS_MOVE = YES;
				CLANG_WARN_UNGUARDED_AVAILABILITY = YES_AGGRESSIVE;
				CLANG_WARN_UNREACHABLE_CODE = YES;
				CLANG_WARN__DUPLICATE_METHOD_MATCH = YES;
				CODE_SIGN_IDENTITY = "-";
				COPY_PHASE_STRIP = NO;
				DEBUG_INFORMATION_FORMAT = "dwarf-with-dsym";
				ENABLE_NS_ASSERTIONS = NO;
				ENABLE_STRICT_OBJC_MSGSEND = YES;
				GCC_C_LANGUAGE_STANDARD = gnu11;
				GCC_NO_COMMON_BLOCKS = YES;
				GCC_WARN_64_TO_32_BIT_CONVERSION = YES;
				GCC_WARN_ABOUT_RETURN_TYPE = YES_ERROR;
				GCC_WARN_UNDECLARED_SELECTOR = YES;
				GCC_WARN_UNINITIALIZED_AUTOS = YES_AGGRESSIVE;
				GCC_WARN_UNUSED_FUNCTION = YES;
				GCC_WARN_UNUSED_VARIABLE = YES;
				MACOSX_DEPLOYMENT_TARGET = 10.13;
				MTL_ENABLE_DEBUG_INFO = NO;
				SDKROOT = macosx;
			};
			name = Release;
		};
		3B11E4B8205B97A30021B104 /* Debug */ = {
			isa = XCBuildConfiguration;
			buildSettings = {
				CODE_SIGN_STYLE = Automatic;
				PRODUCT_NAME = "$(TARGET_NAME)";
			};
			name = Debug;
		};
		3B11E4B9205B97A30021B104 /* Release */ = {
			isa = XCBuildConfiguration;
			buildSettings = {
				CODE_SIGN_STYLE = Automatic;
				PRODUCT_NAME = "$(TARGET_NAME)";
			};
			name = Release;
		};
/* End XCBuildConfiguration section */

/* Begin XCConfigurationList section */
		3B11E4AB205B97A30021B104 /* Build configuration list for PBXProject "testNotification" */ = {
			isa = XCConfigurationList;
			buildConfigurations = (
				3B11E4B5205B97A30021B104 /* Debug */,
				3B11E4B6205B97A30021B104 /* Release */,
			);
			defaultConfigurationIsVisible = 0;
			defaultConfigurationName = Release;
		};
		3B11E4B7205B97A30021B104 /* Build configuration list for PBXNativeTarget "testNotification" */ = {
			isa = XCConfigurationList;
			buildConfigurations = (
				3B11E4B8205B97A30021B104 /* Debug */,
				3B11E4B9205B97A30021B104 /* Release */,
			);
			defaultConfigurationIsVisible = 0;
			defaultConfigurationName = Release;
		};
/* End XCConfigurationList section */
	};
	rootObject = 3B11E4A8205B97A30021B104 /* Project object */;
}
