// !$*UTF8*$!
{
	archiveVersion = 1;
	classes = {
	};
	objectVersion = 48;
	objects = {

/* Begin PBXBuildFile section */
		3B30B2F62043FE3E00555D72 /* AppDelegate.m in Sources */ = {isa = PBXBuildFile; fileRef = 3B30B2F52043FE3E00555D72 /* AppDelegate.m */; };
		3B30B2F92043FE3E00555D72 /* ViewController.m in Sources */ = {isa = PBXBuildFile; fileRef = 3B30B2F82043FE3E00555D72 /* ViewController.m */; };
		3B30B2FC2043FE3E00555D72 /* Main.storyboard in Resources */ = {isa = PBXBuildFile; fileRef = 3B30B2FA2043FE3E00555D72 /* Main.storyboard */; };
		3B30B2FE2043FE3E00555D72 /* Assets.xcassets in Resources */ = {isa = PBXBuildFile; fileRef = 3B30B2FD2043FE3E00555D72 /* Assets.xcassets */; };
		3B30B3012043FE3E00555D72 /* LaunchScreen.storyboard in Resources */ = {isa = PBXBuildFile; fileRef = 3B30B2FF2043FE3E00555D72 /* LaunchScreen.storyboard */; };
		3B30B3042043FE3E00555D72 /* main.m in Sources */ = {isa = PBXBuildFile; fileRef = 3B30B3032043FE3E00555D72 /* main.m */; };
		678EBDFC6C76ADEF90CE0889 /* Pods_testQR.framework in Frameworks */ = {isa = PBXBuildFile; fileRef = 1701B526C3F8F40CFE2F363D /* Pods_testQR.framework */; };
/* End PBXBuildFile section */

/* Begin PBXFileReference section */
		1701B526C3F8F40CFE2F363D /* Pods_testQR.framework */ = {isa = PBXFileReference; explicitFileType = wrapper.framework; includeInIndex = 0; path = Pods_testQR.framework; sourceTree = BUILT_PRODUCTS_DIR; };
		3B30B2F12043FE3E00555D72 /* testQR.app */ = {isa = PBXFileReference; explicitFileType = wrapper.application; includeInIndex = 0; path = testQR.app; sourceTree = BUILT_PRODUCTS_DIR; };
		3B30B2F42043FE3E00555D72 /* AppDelegate.h */ = {isa = PBXFileReference; lastKnownFileType = sourcecode.c.h; path = AppDelegate.h; sourceTree = "<group>"; };
		3B30B2F52043FE3E00555D72 /* AppDelegate.m */ = {isa = PBXFileReference; lastKnownFileType = sourcecode.c.objc; path = AppDelegate.m; sourceTree = "<group>"; };
		3B30B2F72043FE3E00555D72 /* ViewController.h */ = {isa = PBXFileReference; lastKnownFileType = sourcecode.c.h; path = ViewController.h; sourceTree = "<group>"; };
		3B30B2F82043FE3E00555D72 /* ViewController.m */ = {isa = PBXFileReference; lastKnownFileType = sourcecode.c.objc; path = ViewController.m; sourceTree = "<group>"; };
		3B30B2FB2043FE3E00555D72 /* Base */ = {isa = PBXFileReference; lastKnownFileType = file.storyboard; name = Base; path = Base.lproj/Main.storyboard; sourceTree = "<group>"; };
		3B30B2FD2043FE3E00555D72 /* Assets.xcassets */ = {isa = PBXFileReference; lastKnownFileType = folder.assetcatalog; path = Assets.xcassets; sourceTree = "<group>"; };
		3B30B3002043FE3E00555D72 /* Base */ = {isa = PBXFileReference; lastKnownFileType = file.storyboard; name = Base; path = Base.lproj/LaunchScreen.storyboard; sourceTree = "<group>"; };
		3B30B3022043FE3E00555D72 /* Info.plist */ = {isa = PBXFileReference; lastKnownFileType = text.plist.xml; path = Info.plist; sourceTree = "<group>"; };
		3B30B3032043FE3E00555D72 /* main.m */ = {isa = PBXFileReference; lastKnownFileType = sourcecode.c.objc; path = main.m; sourceTree = "<group>"; };
		7A0F9AB5D9DA776C83F37A09 /* Pods-testQR.release.xcconfig */ = {isa = PBXFileReference; includeInIndex = 1; lastKnownFileType = text.xcconfig; name = "Pods-testQR.release.xcconfig"; path = "Pods/Target Support Files/Pods-testQR/Pods-testQR.release.xcconfig"; sourceTree = "<group>"; };
		D44B706D6BC54CD2504704A7 /* Pods-testQR.debug.xcconfig */ = {isa = PBXFileReference; includeInIndex = 1; lastKnownFileType = text.xcconfig; name = "Pods-testQR.debug.xcconfig"; path = "Pods/Target Support Files/Pods-testQR/Pods-testQR.debug.xcconfig"; sourceTree = "<group>"; };
/* End PBXFileReference section */

/* Begin PBXFrameworksBuildPhase section */
		3B30B2EE2043FE3E00555D72 /* Frameworks */ = {
			isa = PBXFrameworksBuildPhase;
			buildActionMask = 2147483647;
			files = (
				678EBDFC6C76ADEF90CE0889 /* Pods_testQR.framework in Frameworks */,
			);
			runOnlyForDeploymentPostprocessing = 0;
		};
/* End PBXFrameworksBuildPhase section */

/* Begin PBXGroup section */
		3B30B2E82043FE3E00555D72 = {
			isa = PBXGroup;
			children = (
				3B30B2F32043FE3E00555D72 /* testQR */,
				3B30B2F22043FE3E00555D72 /* Products */,
				6C5C2204C353C056D2F101EC /* Pods */,
				798973242990605556059CEE /* Frameworks */,
			);
			sourceTree = "<group>";
		};
		3B30B2F22043FE3E00555D72 /* Products */ = {
			isa = PBXGroup;
			children = (
				3B30B2F12043FE3E00555D72 /* testQR.app */,
			);
			name = Products;
			sourceTree = "<group>";
		};
		3B30B2F32043FE3E00555D72 /* testQR */ = {
			isa = PBXGroup;
			children = (
				3B30B2F42043FE3E00555D72 /* AppDelegate.h */,
				3B30B2F52043FE3E00555D72 /* AppDelegate.m */,
				3B30B2F72043FE3E00555D72 /* ViewController.h */,
				3B30B2F82043FE3E00555D72 /* ViewController.m */,
				3B30B2FA2043FE3E00555D72 /* Main.storyboard */,
				3B30B2FD2043FE3E00555D72 /* Assets.xcassets */,
				3B30B2FF2043FE3E00555D72 /* LaunchScreen.storyboard */,
				3B30B3022043FE3E00555D72 /* Info.plist */,
				3B30B3032043FE3E00555D72 /* main.m */,
			);
			path = testQR;
			sourceTree = "<group>";
		};
		6C5C2204C353C056D2F101EC /* Pods */ = {
			isa = PBXGroup;
			children = (
				D44B706D6BC54CD2504704A7 /* Pods-testQR.debug.xcconfig */,
				7A0F9AB5D9DA776C83F37A09 /* Pods-testQR.release.xcconfig */,
			);
			name = Pods;
			sourceTree = "<group>";
		};
		798973242990605556059CEE /* Frameworks */ = {
			isa = PBXGroup;
			children = (
				1701B526C3F8F40CFE2F363D /* Pods_testQR.framework */,
			);
			name = Frameworks;
			sourceTree = "<group>";
		};
/* End PBXGroup section */

/* Begin PBXNativeTarget section */
		3B30B2F02043FE3E00555D72 /* testQR */ = {
			isa = PBXNativeTarget;
			buildConfigurationList = 3B30B3072043FE3E00555D72 /* Build configuration list for PBXNativeTarget "testQR" */;
			buildPhases = (
				E6AEC9D6A108307B47A84482 /* [CP] Check Pods Manifest.lock */,
				3B30B2ED2043FE3E00555D72 /* Sources */,
				3B30B2EE2043FE3E00555D72 /* Frameworks */,
				3B30B2EF2043FE3E00555D72 /* Resources */,
				39C4FEC79B99260B8782D136 /* [CP] Embed Pods Frameworks */,
			);
			buildRules = (
			);
			dependencies = (
			);
			name = testQR;
			productName = testQR;
			productReference = 3B30B2F12043FE3E00555D72 /* testQR.app */;
			productType = "com.apple.product-type.application";
		};
/* End PBXNativeTarget section */

/* Begin PBXProject section */
		3B30B2E92043FE3E00555D72 /* Project object */ = {
			isa = PBXProject;
			attributes = {
				LastUpgradeCheck = 0920;
				ORGANIZATIONNAME = MGBook;
				TargetAttributes = {
					3B30B2F02043FE3E00555D72 = {
						CreatedOnToolsVersion = 9.2;
						ProvisioningStyle = Automatic;
					};
				};
			};
			buildConfigurationList = 3B30B2EC2043FE3E00555D72 /* Build configuration list for PBXProject "testQR" */;
			compatibilityVersion = "Xcode 8.0";
			developmentRegion = en;
			hasScannedForEncodings = 0;
			knownRegions = (
				en,
				Base,
			);
			mainGroup = 3B30B2E82043FE3E00555D72;
			productRefGroup = 3B30B2F22043FE3E00555D72 /* Products */;
			projectDirPath = "";
			projectRoot = "";
			targets = (
				3B30B2F02043FE3E00555D72 /* testQR */,
			);
		};
/* End PBXProject section */

/* Begin PBXResourcesBuildPhase section */
		3B30B2EF2043FE3E00555D72 /* Resources */ = {
			isa = PBXResourcesBuildPhase;
			buildActionMask = 2147483647;
			files = (
				3B30B3012043FE3E00555D72 /* LaunchScreen.storyboard in Resources */,
				3B30B2FE2043FE3E00555D72 /* Assets.xcassets in Resources */,
				3B30B2FC2043FE3E00555D72 /* Main.storyboard in Resources */,
			);
			runOnlyForDeploymentPostprocessing = 0;
		};
/* End PBXResourcesBuildPhase section */

/* Begin PBXShellScriptBuildPhase section */
		39C4FEC79B99260B8782D136 /* [CP] Embed Pods Frameworks */ = {
			isa = PBXShellScriptBuildPhase;
			buildActionMask = 2147483647;
			files = (
			);
			inputPaths = (
				"${SRCROOT}/Pods/Target Support Files/Pods-testQR/Pods-testQR-frameworks.sh",
				"${BUILT_PRODUCTS_DIR}/HMQRCodeScanner/HMQRCodeScanner.framework",
			);
			name = "[CP] Embed Pods Frameworks";
			outputPaths = (
				"${TARGET_BUILD_DIR}/${FRAMEWORKS_FOLDER_PATH}/HMQRCodeScanner.framework",
			);
			runOnlyForDeploymentPostprocessing = 0;
			shellPath = /bin/sh;
			shellScript = "\"${SRCROOT}/Pods/Target Support Files/Pods-testQR/Pods-testQR-frameworks.sh\"\n";
			showEnvVarsInLog = 0;
		};
		E6AEC9D6A108307B47A84482 /* [CP] Check Pods Manifest.lock */ = {
			isa = PBXShellScriptBuildPhase;
			buildActionMask = 2147483647;
			files = (
			);
			inputPaths = (
				"${PODS_PODFILE_DIR_PATH}/Podfile.lock",
				"${PODS_ROOT}/Manifest.lock",
			);
			name = "[CP] Check Pods Manifest.lock";
			outputPaths = (
				"$(DERIVED_FILE_DIR)/Pods-testQR-checkManifestLockResult.txt",
			);
			runOnlyForDeploymentPostprocessing = 0;
			shellPath = /bin/sh;
			shellScript = "diff \"${PODS_PODFILE_DIR_PATH}/Podfile.lock\" \"${PODS_ROOT}/Manifest.lock\" > /dev/null\nif [ $? != 0 ] ; then\n    # print error to STDERR\n    echo \"error: The sandbox is not in sync with the Podfile.lock. Run 'pod install' or update your CocoaPods installation.\" >&2\n    exit 1\nfi\n# This output is used by Xcode 'outputs' to avoid re-running this script phase.\necho \"SUCCESS\" > \"${SCRIPT_OUTPUT_FILE_0}\"\n";
			showEnvVarsInLog = 0;
		};
/* End PBXShellScriptBuildPhase section */

/* Begin PBXSourcesBuildPhase section */
		3B30B2ED2043FE3E00555D72 /* Sources */ = {
			isa = PBXSourcesBuildPhase;
			buildActionMask = 2147483647;
			files = (
				3B30B2F92043FE3E00555D72 /* ViewController.m in Sources */,
				3B30B3042043FE3E00555D72 /* main.m in Sources */,
				3B30B2F62043FE3E00555D72 /* AppDelegate.m in Sources */,
			);
			runOnlyForDeploymentPostprocessing = 0;
		};
/* End PBXSourcesBuildPhase section */

/* Begin PBXVariantGroup section */
		3B30B2FA2043FE3E00555D72 /* Main.storyboard */ = {
			isa = PBXVariantGroup;
			children = (
				3B30B2FB2043FE3E00555D72 /* Base */,
			);
			name = Main.storyboard;
			sourceTree = "<group>";
		};
		3B30B2FF2043FE3E00555D72 /* LaunchScreen.storyboard */ = {
			isa = PBXVariantGroup;
			children = (
				3B30B3002043FE3E00555D72 /* Base */,
			);
			name = LaunchScreen.storyboard;
			sourceTree = "<group>";
		};
/* End PBXVariantGroup section */

/* Begin XCBuildConfiguration section */
		3B30B3052043FE3E00555D72 /* Debug */ = {
			isa = XCBuildConfiguration;
			buildSettings = {
				ALWAYS_SEARCH_USER_PATHS = NO;
				CLANG_ANALYZER_NONNULL = YES;
				CLANG_ANALYZER_NUMBER_OBJECT_CONVERSION = YES_AGGRESSIVE;
				CLANG_CXX_LANGUAGE_STANDARD = "gnu++14";
				CLANG_CXX_LIBRARY = "libc++";
				CLANG_ENABLE_MODULES = YES;
				CLANG_ENABLE_OBJC_ARC = YES;
				CLANG_WARN_BLOCK_CAPTURE_AUTORELEASING = YES;
				CLANG_WARN_BOOL_CONVERSION = YES;
				CLANG_WARN_COMMA = YES;
				CLANG_WARN_CONSTANT_CONVERSION = YES;
				CLANG_WARN_DIRECT_OBJC_ISA_USAGE = YES_ERROR;
				CLANG_WARN_DOCUMENTATION_COMMENTS = YES;
				CLANG_WARN_EMPTY_BODY = YES;
				CLANG_WARN_ENUM_CONVERSION = YES;
				CLANG_WARN_INFINITE_RECURSION = YES;
				CLANG_WARN_INT_CONVERSION = YES;
				CLANG_WARN_NON_LITERAL_NULL_CONVERSION = YES;
				CLANG_WARN_OBJC_LITERAL_CONVERSION = YES;
				CLANG_WARN_OBJC_ROOT_CLASS = YES_ERROR;
				CLANG_WARN_RANGE_LOOP_ANALYSIS = YES;
				CLANG_WARN_STRICT_PROTOTYPES = YES;
				CLANG_WARN_SUSPICIOUS_MOVE = YES;
				CLANG_WARN_UNGUARDED_AVAILABILITY = YES_AGGRESSIVE;
				CLANG_WARN_UNREACHABLE_CODE = YES;
				CLANG_WARN__DUPLICATE_METHOD_MATCH = YES;
				CODE_SIGN_IDENTITY = "iPhone Developer";
				COPY_PHASE_STRIP = NO;
				DEBUG_INFORMATION_FORMAT = dwarf;
				ENABLE_STRICT_OBJC_MSGSEND = YES;
				ENABLE_TESTABILITY = YES;
				GCC_C_LANGUAGE_STANDARD = gnu11;
				GCC_DYNAMIC_NO_PIC = NO;
				GCC_NO_COMMON_BLOCKS = YES;
				GCC_OPTIMIZATION_LEVEL = 0;
				GCC_PREPROCESSOR_DEFINITIONS = (
					"DEBUG=1",
					"$(inherited)",
				);
				GCC_WARN_64_TO_32_BIT_CONVERSION = YES;
				GCC_WARN_ABOUT_RETURN_TYPE = YES_ERROR;
				GCC_WARN_UNDECLARED_SELECTOR = YES;
				GCC_WARN_UNINITIALIZED_AUTOS = YES_AGGRESSIVE;
				GCC_WARN_UNUSED_FUNCTION = YES;
				GCC_WARN_UNUSED_VARIABLE = YES;
				IPHONEOS_DEPLOYMENT_TARGET = 11.2;
				MTL_ENABLE_DEBUG_INFO = YES;
				ONLY_ACTIVE_ARCH = YES;
				SDKROOT = iphoneos;
			};
			name = Debug;
		};
		3B30B3062043FE3E00555D72 /* Release */ = {
			isa = XCBuildConfiguration;
			buildSettings = {
				ALWAYS_SEARCH_USER_PATHS = NO;
				CLANG_ANALYZER_NONNULL = YES;
				CLANG_ANALYZER_NUMBER_OBJECT_CONVERSION = YES_AGGRESSIVE;
				CLANG_CXX_LANGUAGE_STANDARD = "gnu++14";
				CLANG_CXX_LIBRARY = "libc++";
				CLANG_ENABLE_MODULES = YES;
				CLANG_ENABLE_OBJC_ARC = YES;
				CLANG_WARN_BLOCK_CAPTURE_AUTORELEASING = YES;
				CLANG_WARN_BOOL_CONVERSION = YES;
				CLANG_WARN_COMMA = YES;
				CLANG_WARN_CONSTANT_CONVERSION = YES;
				CLANG_WARN_DIRECT_OBJC_ISA_USAGE = YES_ERROR;
				CLANG_WARN_DOCUMENTATION_COMMENTS = YES;
				CLANG_WARN_EMPTY_BODY = YES;
				CLANG_WARN_ENUM_CONVERSION = YES;
				CLANG_WARN_INFINITE_RECURSION = YES;
				CLANG_WARN_INT_CONVERSION = YES;
				CLANG_WARN_NON_LITERAL_NULL_CONVERSION = YES;
				CLANG_WARN_OBJC_LITERAL_CONVERSION = YES;
				CLANG_WARN_OBJC_ROOT_CLASS = YES_ERROR;
				CLANG_WARN_RANGE_LOOP_ANALYSIS = YES;
				CLANG_WARN_STRICT_PROTOTYPES = YES;
				CLANG_WARN_SUSPICIOUS_MOVE = YES;
				CLANG_WARN_UNGUARDED_AVAILABILITY = YES_AGGRESSIVE;
				CLANG_WARN_UNREACHABLE_CODE = YES;
				CLANG_WARN__DUPLICATE_METHOD_MATCH = YES;
				CODE_SIGN_IDENTITY = "iPhone Developer";
				COPY_PHASE_STRIP = NO;
				DEBUG_INFORMATION_FORMAT = "dwarf-with-dsym";
				ENABLE_NS_ASSERTIONS = NO;
				ENABLE_STRICT_OBJC_MSGSEND = YES;
				GCC_C_LANGUAGE_STANDARD = gnu11;
				GCC_NO_COMMON_BLOCKS = YES;
				GCC_WARN_64_TO_32_BIT_CONVERSION = YES;
				GCC_WARN_ABOUT_RETURN_TYPE = YES_ERROR;
				GCC_WARN_UNDECLARED_SELECTOR = YES;
				GCC_WARN_UNINITIALIZED_AUTOS = YES_AGGRESSIVE;
				GCC_WARN_UNUSED_FUNCTION = YES;
				GCC_WARN_UNUSED_VARIABLE = YES;
				IPHONEOS_DEPLOYMENT_TARGET = 11.2;
				MTL_ENABLE_DEBUG_INFO = NO;
				SDKROOT = iphoneos;
				VALIDATE_PRODUCT = YES;
			};
			name = Release;
		};
		3B30B3082043FE3E00555D72 /* Debug */ = {
			isa = XCBuildConfiguration;
			baseConfigurationReference = D44B706D6BC54CD2504704A7 /* Pods-testQR.debug.xcconfig */;
			buildSettings = {
				ASSETCATALOG_COMPILER_APPICON_NAME = AppIcon;
				CODE_SIGN_STYLE = Automatic;
				DEVELOPMENT_TEAM = YEH9VENLMS;
				INFOPLIST_FILE = testQR/Info.plist;
				LD_RUNPATH_SEARCH_PATHS = "$(inherited) @executable_path/Frameworks";
				PRODUCT_BUNDLE_IDENTIFIER = com.mg.testQR;
				PRODUCT_NAME = "$(TARGET_NAME)";
				TARGETED_DEVICE_FAMILY = "1,2";
			};
			name = Debug;
		};
		3B30B3092043FE3E00555D72 /* Release */ = {
			isa = XCBuildConfiguration;
			baseConfigurationReference = 7A0F9AB5D9DA776C83F37A09 /* Pods-testQR.release.xcconfig */;
			buildSettings = {
				ASSETCATALOG_COMPILER_APPICON_NAME = AppIcon;
				CODE_SIGN_STYLE = Automatic;
				DEVELOPMENT_TEAM = YEH9VENLMS;
				INFOPLIST_FILE = testQR/Info.plist;
				LD_RUNPATH_SEARCH_PATHS = "$(inherited) @executable_path/Frameworks";
				PRODUCT_BUNDLE_IDENTIFIER = com.mg.testQR;
				PRODUCT_NAME = "$(TARGET_NAME)";
				TARGETED_DEVICE_FAMILY = "1,2";
			};
			name = Release;
		};
/* End XCBuildConfiguration section */

/* Begin XCConfigurationList section */
		3B30B2EC2043FE3E00555D72 /* Build configuration list for PBXProject "testQR" */ = {
			isa = XCConfigurationList;
			buildConfigurations = (
				3B30B3052043FE3E00555D72 /* Debug */,
				3B30B3062043FE3E00555D72 /* Release */,
			);
			defaultConfigurationIsVisible = 0;
			defaultConfigurationName = Release;
		};
		3B30B3072043FE3E00555D72 /* Build configuration list for PBXNativeTarget "testQR" */ = {
			isa = XCConfigurationList;
			buildConfigurations = (
				3B30B3082043FE3E00555D72 /* Debug */,
				3B30B3092043FE3E00555D72 /* Release */,
			);
			defaultConfigurationIsVisible = 0;
			defaultConfigurationName = Release;
		};
/* End XCConfigurationList section */
	};
	rootObject = 3B30B2E92043FE3E00555D72 /* Project object */;
}
