PODS:
  - HMQRCodeScanner (1.0.6)

DEPENDENCIES:
  - HMQRCodeScanner

SPEC REPOS:
  https://github.com/CocoaPods/Specs.git:
    - HMQRCodeScanner

SPEC CHECKSUMS:
  HMQRCodeScanner: 8db2d317c0e5cbe3b4709fe2b9f26c107d66554e

PODFILE CHECKSUM: cde5c391ed0f67e543c0e504f8d2aff6d70e1a52

COCOAPODS: 1.5.0
