// !$*UTF8*$!
{
	archiveVersion = 1;
	classes = {
	};
	objectVersion = 48;
	objects = {

/* Begin PBXBuildFile section */
		3B635FBA206B316100F16BFF /* AppDelegate.m in Sources */ = {isa = PBXBuildFile; fileRef = 3B635FB9206B316100F16BFF /* AppDelegate.m */; };
		3B635FBD206B316100F16BFF /* ViewController.m in Sources */ = {isa = PBXBuildFile; fileRef = 3B635FBC206B316100F16BFF /* ViewController.m */; };
		3B635FC0206B316100F16BFF /* Main.storyboard in Resources */ = {isa = PBXBuildFile; fileRef = 3B635FBE206B316100F16BFF /* Main.storyboard */; };
		3B635FC2206B316100F16BFF /* Assets.xcassets in Resources */ = {isa = PBXBuildFile; fileRef = 3B635FC1206B316100F16BFF /* Assets.xcassets */; };
		3B635FC5206B316100F16BFF /* LaunchScreen.storyboard in Resources */ = {isa = PBXBuildFile; fileRef = 3B635FC3206B316100F16BFF /* LaunchScreen.storyboard */; };
		3B635FC8206B316100F16BFF /* main.m in Sources */ = {isa = PBXBuildFile; fileRef = 3B635FC7206B316100F16BFF /* main.m */; };
		3B635FD0206B705400F16BFF /* Person.m in Sources */ = {isa = PBXBuildFile; fileRef = 3B635FCF206B705400F16BFF /* Person.m */; };
/* End PBXBuildFile section */

/* Begin PBXFileReference section */
		3B635FB5206B316100F16BFF /* testSelfKVO.app */ = {isa = PBXFileReference; explicitFileType = wrapper.application; includeInIndex = 0; path = testSelfKVO.app; sourceTree = BUILT_PRODUCTS_DIR; };
		3B635FB8206B316100F16BFF /* AppDelegate.h */ = {isa = PBXFileReference; lastKnownFileType = sourcecode.c.h; path = AppDelegate.h; sourceTree = "<group>"; };
		3B635FB9206B316100F16BFF /* AppDelegate.m */ = {isa = PBXFileReference; lastKnownFileType = sourcecode.c.objc; path = AppDelegate.m; sourceTree = "<group>"; };
		3B635FBB206B316100F16BFF /* ViewController.h */ = {isa = PBXFileReference; lastKnownFileType = sourcecode.c.h; path = ViewController.h; sourceTree = "<group>"; };
		3B635FBC206B316100F16BFF /* ViewController.m */ = {isa = PBXFileReference; lastKnownFileType = sourcecode.c.objc; path = ViewController.m; sourceTree = "<group>"; };
		3B635FBF206B316100F16BFF /* Base */ = {isa = PBXFileReference; lastKnownFileType = file.storyboard; name = Base; path = Base.lproj/Main.storyboard; sourceTree = "<group>"; };
		3B635FC1206B316100F16BFF /* Assets.xcassets */ = {isa = PBXFileReference; lastKnownFileType = folder.assetcatalog; path = Assets.xcassets; sourceTree = "<group>"; };
		3B635FC4206B316100F16BFF /* Base */ = {isa = PBXFileReference; lastKnownFileType = file.storyboard; name = Base; path = Base.lproj/LaunchScreen.storyboard; sourceTree = "<group>"; };
		3B635FC6206B316100F16BFF /* Info.plist */ = {isa = PBXFileReference; lastKnownFileType = text.plist.xml; path = Info.plist; sourceTree = "<group>"; };
		3B635FC7206B316100F16BFF /* main.m */ = {isa = PBXFileReference; lastKnownFileType = sourcecode.c.objc; path = main.m; sourceTree = "<group>"; };
		3B635FCE206B705400F16BFF /* Person.h */ = {isa = PBXFileReference; lastKnownFileType = sourcecode.c.h; path = Person.h; sourceTree = "<group>"; };
		3B635FCF206B705400F16BFF /* Person.m */ = {isa = PBXFileReference; lastKnownFileType = sourcecode.c.objc; path = Person.m; sourceTree = "<group>"; };
/* End PBXFileReference section */

/* Begin PBXFrameworksBuildPhase section */
		3B635FB2206B316100F16BFF /* Frameworks */ = {
			isa = PBXFrameworksBuildPhase;
			buildActionMask = 2147483647;
			files = (
			);
			runOnlyForDeploymentPostprocessing = 0;
		};
/* End PBXFrameworksBuildPhase section */

/* Begin PBXGroup section */
		3B635FAC206B316100F16BFF = {
			isa = PBXGroup;
			children = (
				3B635FB7206B316100F16BFF /* testSelfKVO */,
				3B635FB6206B316100F16BFF /* Products */,
			);
			sourceTree = "<group>";
		};
		3B635FB6206B316100F16BFF /* Products */ = {
			isa = PBXGroup;
			children = (
				3B635FB5206B316100F16BFF /* testSelfKVO.app */,
			);
			name = Products;
			sourceTree = "<group>";
		};
		3B635FB7206B316100F16BFF /* testSelfKVO */ = {
			isa = PBXGroup;
			children = (
				3B635FB8206B316100F16BFF /* AppDelegate.h */,
				3B635FB9206B316100F16BFF /* AppDelegate.m */,
				3B635FBB206B316100F16BFF /* ViewController.h */,
				3B635FBC206B316100F16BFF /* ViewController.m */,
				3B635FCE206B705400F16BFF /* Person.h */,
				3B635FCF206B705400F16BFF /* Person.m */,
				3B635FBE206B316100F16BFF /* Main.storyboard */,
				3B635FC1206B316100F16BFF /* Assets.xcassets */,
				3B635FC3206B316100F16BFF /* LaunchScreen.storyboard */,
				3B635FC6206B316100F16BFF /* Info.plist */,
				3B635FC7206B316100F16BFF /* main.m */,
			);
			path = testSelfKVO;
			sourceTree = "<group>";
		};
/* End PBXGroup section */

/* Begin PBXNativeTarget section */
		3B635FB4206B316100F16BFF /* testSelfKVO */ = {
			isa = PBXNativeTarget;
			buildConfigurationList = 3B635FCB206B316100F16BFF /* Build configuration list for PBXNativeTarget "testSelfKVO" */;
			buildPhases = (
				3B635FB1206B316100F16BFF /* Sources */,
				3B635FB2206B316100F16BFF /* Frameworks */,
				3B635FB3206B316100F16BFF /* Resources */,
			);
			buildRules = (
			);
			dependencies = (
			);
			name = testSelfKVO;
			productName = testSelfKVO;
			productReference = 3B635FB5206B316100F16BFF /* testSelfKVO.app */;
			productType = "com.apple.product-type.application";
		};
/* End PBXNativeTarget section */

/* Begin PBXProject section */
		3B635FAD206B316100F16BFF /* Project object */ = {
			isa = PBXProject;
			attributes = {
				LastUpgradeCheck = 0920;
				ORGANIZATIONNAME = MGBook;
				TargetAttributes = {
					3B635FB4206B316100F16BFF = {
						CreatedOnToolsVersion = 9.2;
						ProvisioningStyle = Automatic;
					};
				};
			};
			buildConfigurationList = 3B635FB0206B316100F16BFF /* Build configuration list for PBXProject "testSelfKVO" */;
			compatibilityVersion = "Xcode 8.0";
			developmentRegion = en;
			hasScannedForEncodings = 0;
			knownRegions = (
				en,
				Base,
			);
			mainGroup = 3B635FAC206B316100F16BFF;
			productRefGroup = 3B635FB6206B316100F16BFF /* Products */;
			projectDirPath = "";
			projectRoot = "";
			targets = (
				3B635FB4206B316100F16BFF /* testSelfKVO */,
			);
		};
/* End PBXProject section */

/* Begin PBXResourcesBuildPhase section */
		3B635FB3206B316100F16BFF /* Resources */ = {
			isa = PBXResourcesBuildPhase;
			buildActionMask = 2147483647;
			files = (
				3B635FC5206B316100F16BFF /* LaunchScreen.storyboard in Resources */,
				3B635FC2206B316100F16BFF /* Assets.xcassets in Resources */,
				3B635FC0206B316100F16BFF /* Main.storyboard in Resources */,
			);
			runOnlyForDeploymentPostprocessing = 0;
		};
/* End PBXResourcesBuildPhase section */

/* Begin PBXSourcesBuildPhase section */
		3B635FB1206B316100F16BFF /* Sources */ = {
			isa = PBXSourcesBuildPhase;
			buildActionMask = 2147483647;
			files = (
				3B635FBD206B316100F16BFF /* ViewController.m in Sources */,
				3B635FC8206B316100F16BFF /* main.m in Sources */,
				3B635FD0206B705400F16BFF /* Person.m in Sources */,
				3B635FBA206B316100F16BFF /* AppDelegate.m in Sources */,
			);
			runOnlyForDeploymentPostprocessing = 0;
		};
/* End PBXSourcesBuildPhase section */

/* Begin PBXVariantGroup section */
		3B635FBE206B316100F16BFF /* Main.storyboard */ = {
			isa = PBXVariantGroup;
			children = (
				3B635FBF206B316100F16BFF /* Base */,
			);
			name = Main.storyboard;
			sourceTree = "<group>";
		};
		3B635FC3206B316100F16BFF /* LaunchScreen.storyboard */ = {
			isa = PBXVariantGroup;
			children = (
				3B635FC4206B316100F16BFF /* Base */,
			);
			name = LaunchScreen.storyboard;
			sourceTree = "<group>";
		};
/* End PBXVariantGroup section */

/* Begin XCBuildConfiguration section */
		3B635FC9206B316100F16BFF /* Debug */ = {
			isa = XCBuildConfiguration;
			buildSettings = {
				ALWAYS_SEARCH_USER_PATHS = NO;
				CLANG_ANALYZER_NONNULL = YES;
				CLANG_ANALYZER_NUMBER_OBJECT_CONVERSION = YES_AGGRESSIVE;
				CLANG_CXX_LANGUAGE_STANDARD = "gnu++14";
				CLANG_CXX_LIBRARY = "libc++";
				CLANG_ENABLE_MODULES = YES;
				CLANG_ENABLE_OBJC_ARC = YES;
				CLANG_WARN_BLOCK_CAPTURE_AUTORELEASING = YES;
				CLANG_WARN_BOOL_CONVERSION = YES;
				CLANG_WARN_COMMA = YES;
				CLANG_WARN_CONSTANT_CONVERSION = YES;
				CLANG_WARN_DIRECT_OBJC_ISA_USAGE = YES_ERROR;
				CLANG_WARN_DOCUMENTATION_COMMENTS = YES;
				CLANG_WARN_EMPTY_BODY = YES;
				CLANG_WARN_ENUM_CONVERSION = YES;
				CLANG_WARN_INFINITE_RECURSION = YES;
				CLANG_WARN_INT_CONVERSION = YES;
				CLANG_WARN_NON_LITERAL_NULL_CONVERSION = YES;
				CLANG_WARN_OBJC_LITERAL_CONVERSION = YES;
				CLANG_WARN_OBJC_ROOT_CLASS = YES_ERROR;
				CLANG_WARN_RANGE_LOOP_ANALYSIS = YES;
				CLANG_WARN_STRICT_PROTOTYPES = YES;
				CLANG_WARN_SUSPICIOUS_MOVE = YES;
				CLANG_WARN_UNGUARDED_AVAILABILITY = YES_AGGRESSIVE;
				CLANG_WARN_UNREACHABLE_CODE = YES;
				CLANG_WARN__DUPLICATE_METHOD_MATCH = YES;
				CODE_SIGN_IDENTITY = "iPhone Developer";
				COPY_PHASE_STRIP = NO;
				DEBUG_INFORMATION_FORMAT = dwarf;
				ENABLE_STRICT_OBJC_MSGSEND = YES;
				ENABLE_TESTABILITY = YES;
				GCC_C_LANGUAGE_STANDARD = gnu11;
				GCC_DYNAMIC_NO_PIC = NO;
				GCC_NO_COMMON_BLOCKS = YES;
				GCC_OPTIMIZATION_LEVEL = 0;
				GCC_PREPROCESSOR_DEFINITIONS = (
					"DEBUG=1",
					"$(inherited)",
				);
				GCC_WARN_64_TO_32_BIT_CONVERSION = YES;
				GCC_WARN_ABOUT_RETURN_TYPE = YES_ERROR;
				GCC_WARN_UNDECLARED_SELECTOR = YES;
				GCC_WARN_UNINITIALIZED_AUTOS = YES_AGGRESSIVE;
				GCC_WARN_UNUSED_FUNCTION = YES;
				GCC_WARN_UNUSED_VARIABLE = YES;
				IPHONEOS_DEPLOYMENT_TARGET = 11.2;
				MTL_ENABLE_DEBUG_INFO = YES;
				ONLY_ACTIVE_ARCH = YES;
				SDKROOT = iphoneos;
			};
			name = Debug;
		};
		3B635FCA206B316100F16BFF /* Release */ = {
			isa = XCBuildConfiguration;
			buildSettings = {
				ALWAYS_SEARCH_USER_PATHS = NO;
				CLANG_ANALYZER_NONNULL = YES;
				CLANG_ANALYZER_NUMBER_OBJECT_CONVERSION = YES_AGGRESSIVE;
				CLANG_CXX_LANGUAGE_STANDARD = "gnu++14";
				CLANG_CXX_LIBRARY = "libc++";
				CLANG_ENABLE_MODULES = YES;
				CLANG_ENABLE_OBJC_ARC = YES;
				CLANG_WARN_BLOCK_CAPTURE_AUTORELEASING = YES;
				CLANG_WARN_BOOL_CONVERSION = YES;
				CLANG_WARN_COMMA = YES;
				CLANG_WARN_CONSTANT_CONVERSION = YES;
				CLANG_WARN_DIRECT_OBJC_ISA_USAGE = YES_ERROR;
				CLANG_WARN_DOCUMENTATION_COMMENTS = YES;
				CLANG_WARN_EMPTY_BODY = YES;
				CLANG_WARN_ENUM_CONVERSION = YES;
				CLANG_WARN_INFINITE_RECURSION = YES;
				CLANG_WARN_INT_CONVERSION = YES;
				CLANG_WARN_NON_LITERAL_NULL_CONVERSION = YES;
				CLANG_WARN_OBJC_LITERAL_CONVERSION = YES;
				CLANG_WARN_OBJC_ROOT_CLASS = YES_ERROR;
				CLANG_WARN_RANGE_LOOP_ANALYSIS = YES;
				CLANG_WARN_STRICT_PROTOTYPES = YES;
				CLANG_WARN_SUSPICIOUS_MOVE = YES;
				CLANG_WARN_UNGUARDED_AVAILABILITY = YES_AGGRESSIVE;
				CLANG_WARN_UNREACHABLE_CODE = YES;
				CLANG_WARN__DUPLICATE_METHOD_MATCH = YES;
				CODE_SIGN_IDENTITY = "iPhone Developer";
				COPY_PHASE_STRIP = NO;
				DEBUG_INFORMATION_FORMAT = "dwarf-with-dsym";
				ENABLE_NS_ASSERTIONS = NO;
				ENABLE_STRICT_OBJC_MSGSEND = YES;
				GCC_C_LANGUAGE_STANDARD = gnu11;
				GCC_NO_COMMON_BLOCKS = YES;
				GCC_WARN_64_TO_32_BIT_CONVERSION = YES;
				GCC_WARN_ABOUT_RETURN_TYPE = YES_ERROR;
				GCC_WARN_UNDECLARED_SELECTOR = YES;
				GCC_WARN_UNINITIALIZED_AUTOS = YES_AGGRESSIVE;
				GCC_WARN_UNUSED_FUNCTION = YES;
				GCC_WARN_UNUSED_VARIABLE = YES;
				IPHONEOS_DEPLOYMENT_TARGET = 11.2;
				MTL_ENABLE_DEBUG_INFO = NO;
				SDKROOT = iphoneos;
				VALIDATE_PRODUCT = YES;
			};
			name = Release;
		};
		3B635FCC206B316100F16BFF /* Debug */ = {
			isa = XCBuildConfiguration;
			buildSettings = {
				ASSETCATALOG_COMPILER_APPICON_NAME = AppIcon;
				CODE_SIGN_STYLE = Automatic;
				INFOPLIST_FILE = testSelfKVO/Info.plist;
				LD_RUNPATH_SEARCH_PATHS = "$(inherited) @executable_path/Frameworks";
				PRODUCT_BUNDLE_IDENTIFIER = com.mg.testSelfKVO;
				PRODUCT_NAME = "$(TARGET_NAME)";
				TARGETED_DEVICE_FAMILY = "1,2";
			};
			name = Debug;
		};
		3B635FCD206B316100F16BFF /* Release */ = {
			isa = XCBuildConfiguration;
			buildSettings = {
				ASSETCATALOG_COMPILER_APPICON_NAME = AppIcon;
				CODE_SIGN_STYLE = Automatic;
				INFOPLIST_FILE = testSelfKVO/Info.plist;
				LD_RUNPATH_SEARCH_PATHS = "$(inherited) @executable_path/Frameworks";
				PRODUCT_BUNDLE_IDENTIFIER = com.mg.testSelfKVO;
				PRODUCT_NAME = "$(TARGET_NAME)";
				TARGETED_DEVICE_FAMILY = "1,2";
			};
			name = Release;
		};
/* End XCBuildConfiguration section */

/* Begin XCConfigurationList section */
		3B635FB0206B316100F16BFF /* Build configuration list for PBXProject "testSelfKVO" */ = {
			isa = XCConfigurationList;
			buildConfigurations = (
				3B635FC9206B316100F16BFF /* Debug */,
				3B635FCA206B316100F16BFF /* Release */,
			);
			defaultConfigurationIsVisible = 0;
			defaultConfigurationName = Release;
		};
		3B635FCB206B316100F16BFF /* Build configuration list for PBXNativeTarget "testSelfKVO" */ = {
			isa = XCConfigurationList;
			buildConfigurations = (
				3B635FCC206B316100F16BFF /* Debug */,
				3B635FCD206B316100F16BFF /* Release */,
			);
			defaultConfigurationIsVisible = 0;
			defaultConfigurationName = Release;
		};
/* End XCConfigurationList section */
	};
	rootObject = 3B635FAD206B316100F16BFF /* Project object */;
}
